
Microsoft Visual Studio Solution File, Format Version 12.00
# Visual Studio Version 17
VisualStudioVersion = 17.14.36915.13 d17.14
MinimumVisualStudioVersion = 10.0.40219.1
Project("{FAE04EC0-301F-11D3-BF4B-00C04F79EFBC}") = "SteamValue", "SteamValue.csproj", "{EA9069D7-0861-4FCA-99A8-B688B4E0E28C}"
EndProject
Global
	GlobalSection(SolutionConfigurationPlatforms) = preSolution
		Debug|Any CPU = Debug|Any CPU
		Release|Any CPU = Release|Any CPU
	EndGlobalSection
	GlobalSection(ProjectConfigurationPlatforms) = postSolution
		{EA9069D7-0861-4FCA-99A8-B688B4E0E28C}.Debug|Any CPU.ActiveCfg = Debug|Any CPU
		{EA9069D7-0861-4FCA-99A8-B688B4E0E28C}.Debug|Any CPU.Build.0 = Debug|Any CPU
		{EA9069D7-0861-4FCA-99A8-B688B4E0E28C}.Release|Any CPU.ActiveCfg = Release|Any CPU
		{EA9069D7-0861-4FCA-99A8-B688B4E0E28C}.Release|Any CPU.Build.0 = Release|Any CPU
	EndGlobalSection
	GlobalSection(SolutionProperties) = preSolution
		HideSolutionNode = FALSE
	EndGlobalSection
	GlobalSection(ExtensibilityGlobals) = postSolution
		SolutionGuid = {64D098D0-965F-40BC-A26E-B20466CD99CC}
	EndGlobalSection
EndGlobal
